
Microsoft Visual Studio Solution File, Format Version 12.00
# Visual Studio Version 16
VisualStudioVersion = 16.0.31410.357
MinimumVisualStudioVersion = 10.0.40219.1
Project("{FAE04EC0-301F-11D3-BF4B-00C04F79EFBC}") = "Stack and Queue", "Stack and Queue\Stack and Queue.csproj", "{F21CA972-D517-4830-ACF5-378FCCBAA282}"
EndProject
Global
	GlobalSection(SolutionConfigurationPlatforms) = preSolution
		Debug|Any CPU = Debug|Any CPU
		Release|Any CPU = Release|Any CPU
	EndGlobalSection
	GlobalSection(ProjectConfigurationPlatforms) = postSolution
		{F21CA972-D517-4830-ACF5-378FCCBAA282}.Debug|Any CPU.ActiveCfg = Debug|Any CPU
		{F21CA972-D517-4830-ACF5-378FCCBAA282}.Debug|Any CPU.Build.0 = Debug|Any CPU
		{F21CA972-D517-4830-ACF5-378FCCBAA282}.Release|Any CPU.ActiveCfg = Release|Any CPU
		{F21CA972-D517-4830-ACF5-378FCCBAA282}.Release|Any CPU.Build.0 = Release|Any CPU
	EndGlobalSection
	GlobalSection(SolutionProperties) = preSolution
		HideSolutionNode = FALSE
	EndGlobalSection
	GlobalSection(ExtensibilityGlobals) = postSolution
		SolutionGuid = {86ABE5D3-D252-428E-ADC4-C0389D9DCCF5}
	EndGlobalSection
EndGlobal
